
Microsoft Visual Studio Solution File, Format Version 12.00
# Visual Studio Version 17
VisualStudioVersion = 17.10.35013.160
MinimumVisualStudioVersion = 10.0.40219.1
Project("{FAE04EC0-301F-11D3-BF4B-00C04F79EFBC}") = "ContactAppFinalMiniProjDemo", "ContactAppFinalMiniProjDemo\ContactAppFinalMiniProjDemo.csproj", "{49E507C0-2ACF-401C-8A64-A18FEBDC812E}"
EndProject
Global
	GlobalSection(SolutionConfigurationPlatforms) = preSolution
		Debug|Any CPU = Debug|Any CPU
		Release|Any CPU = Release|Any CPU
	EndGlobalSection
	GlobalSection(ProjectConfigurationPlatforms) = postSolution
		{49E507C0-2ACF-401C-8A64-A18FEBDC812E}.Debug|Any CPU.ActiveCfg = Debug|Any CPU
		{49E507C0-2ACF-401C-8A64-A18FEBDC812E}.Debug|Any CPU.Build.0 = Debug|Any CPU
		{49E507C0-2ACF-401C-8A64-A18FEBDC812E}.Release|Any CPU.ActiveCfg = Release|Any CPU
		{49E507C0-2ACF-401C-8A64-A18FEBDC812E}.Release|Any CPU.Build.0 = Release|Any CPU
	EndGlobalSection
	GlobalSection(SolutionProperties) = preSolution
		HideSolutionNode = FALSE
	EndGlobalSection
	GlobalSection(ExtensibilityGlobals) = postSolution
		SolutionGuid = {F9BB809B-8735-4694-9F2B-9298B2EC1C21}
	EndGlobalSection
EndGlobal
